<?xml version="1.0" encoding="utf-8"?>
<Project ToolsVersion="4.0" xmlns="http://schemas.microsoft.com/developer/msbuild/2003">
  <ItemGroup>
    <Filter Include="Quelldateien">
      <UniqueIdentifier>{4FC737F1-C7A5-4376-A066-2A32D752A2FF}</UniqueIdentifier>
      <Extensions>cpp;c;cc;cxx;c++;cppm;ixx;def;odl;idl;hpj;bat;asm;asmx</Extensions>
    </Filter>
    <Filter Include="Headerdateien">
      <UniqueIdentifier>{93995380-89BD-4b04-88EB-625FBE52EBFB}</UniqueIdentifier>
      <Extensions>h;hh;hpp;hxx;h++;hm;inl;inc;ipp;xsd</Extensions>
    </Filter>
    <Filter Include="Ressourcendateien">
      <UniqueIdentifier>{67DA6AB6-F800-4c08-8B7A-83BB121AAD01}</UniqueIdentifier>
      <Extensions>rc;ico;cur;bmp;dlg;rc2;rct;bin;rgs;gif;jpg;jpeg;jpe;resx;tiff;tif;png;wav;mfcribbon-ms</Extensions>
    </Filter>
    <Filter Include="Headerdateien\Parts">
      <UniqueIdentifier>{ada8e798-65e5-44c5-a292-87e5a6148d03}</UniqueIdentifier>
    </Filter>
    <Filter Include="Headerdateien\Parts\Warining Devices">
      <UniqueIdentifier>{a1a68cd8-7a10-47cb-88c7-1aed24cf1d16}</UniqueIdentifier>
    </Filter>
    <Filter Include="Quelldateien\Parts">
      <UniqueIdentifier>{c207b0a0-c188-4c12-b9c5-ce759ca62dae}</UniqueIdentifier>
    </Filter>
    <Filter Include="Quelldateien\Parts\Warning Devices">
      <UniqueIdentifier>{799698e2-9c39-4408-954a-fb80969727e5}</UniqueIdentifier>
    </Filter>
    <Filter Include="Headerdateien\Parts\Emmiter/Remover">
      <UniqueIdentifier>{520f8ee8-78b2-458b-92d4-f07482e197d5}</UniqueIdentifier>
    </Filter>
    <Filter Include="Quelldateien\Parts\Emmiter/Remover">
      <UniqueIdentifier>{4401c556-2af1-4fe0-99d1-d8008fec2fdf}</UniqueIdentifier>
    </Filter>
    <Filter Include="Headerdateien\Parts\Convayors">
      <UniqueIdentifier>{eefa94d2-b892-4cb3-be01-4f1309f9e0f2}</UniqueIdentifier>
    </Filter>
    <Filter Include="Headerdateien\Parts\Convayors\Light Load">
      <UniqueIdentifier>{86273d3a-7872-4a30-8cb6-138beea7d743}</UniqueIdentifier>
    </Filter>
    <Filter Include="Headerdateien\Parts\Convayors\Heavy Load">
      <UniqueIdentifier>{2a2dd7fe-ae5b-49af-8430-addbd3e60891}</UniqueIdentifier>
    </Filter>
    <Filter Include="Quelldateien\Parts\Convayors">
      <UniqueIdentifier>{28e19a98-82e7-44be-90a2-9da49e9ddf8e}</UniqueIdentifier>
    </Filter>
    <Filter Include="Headerdateien\Parts\Sensors">
      <UniqueIdentifier>{4a25ce23-1511-4d46-b98e-73ac7ca4c7c5}</UniqueIdentifier>
    </Filter>
    <Filter Include="Quelldateien\Parts\Sensors">
      <UniqueIdentifier>{e97d0d92-5010-4667-80c3-e50e1efd0473}</UniqueIdentifier>
    </Filter>
    <Filter Include="Quelldateien\Parts\Convayors\HeavyLoad">
      <UniqueIdentifier>{112203d8-3498-4d77-b1af-a4191dad3efe}</UniqueIdentifier>
    </Filter>
    <Filter Include="Quelldateien\Parts\Convayors\LightLoad">
      <UniqueIdentifier>{4f9ed782-cca7-4b6e-a1d7-82a77688726d}</UniqueIdentifier>
    </Filter>
  </ItemGroup>
  <ItemGroup>
    <ClCompile Include="FactoryIO.h">
      <Filter>Headerdateien</Filter>
    </ClCompile>
    <ClCompile Include="StackLight.cpp">
      <Filter>Quelldateien\Parts\Warning Devices</Filter>
    </ClCompile>
    <ClCompile Include="WarningLight.cpp">
      <Filter>Quelldateien\Parts\Warning Devices</Filter>
    </ClCompile>
    <ClCompile Include="alarmSiren.cpp">
      <Filter>Quelldateien\Parts\Warning Devices</Filter>
    </ClCompile>
    <ClCompile Include="FactoryIOGeneral.cpp">
      <Filter>Quelldateien</Filter>
    </ClCompile>
    <ClCompile Include="Emmiter.cpp">
      <Filter>Quelldateien\Parts\Emmiter/Remover</Filter>
    </ClCompile>
    <ClCompile Include="remover.cpp">
      <Filter>Quelldateien\Parts\Emmiter/Remover</Filter>
    </ClCompile>
    <ClCompile Include="convayor.cpp">
      <Filter>Quelldateien\Parts\Convayors</Filter>
    </ClCompile>
    <ClCompile Include="Encoder.cpp">
      <Filter>Quelldateien\Parts\Sensors</Filter>
    </ClCompile>
    <ClCompile Include="rollerStop.cpp">
      <Filter>Quelldateien\Parts\Convayors\HeavyLoad</Filter>
    </ClCompile>
    <ClCompile Include="chainTransfer.cpp">
      <Filter>Quelldateien\Parts\Convayors\HeavyLoad</Filter>
    </ClCompile>
    <ClCompile Include="turntable.cpp">
      <Filter>Quelldateien\Parts\Convayors\HeavyLoad</Filter>
    </ClCompile>
    <ClCompile Include="convayorGate.cpp">
      <Filter>Quelldateien\Parts\Convayors\LightLoad</Filter>
    </ClCompile>
    <ClCompile Include="convayorScale.cpp">
      <Filter>Quelldateien\Parts\Convayors\LightLoad</Filter>
    </ClCompile>
    <ClCompile Include="pivotArmSorter.cpp">
      <Filter>Quelldateien\Parts\Convayors\LightLoad</Filter>
    </ClCompile>
    <ClCompile Include="weelSorter.cpp">
      <Filter>Quelldateien\Parts\Convayors\LightLoad</Filter>
    </ClCompile>
    <ClCompile Include="pusher.cpp">
      <Filter>Quelldateien\Parts\Convayors\LightLoad</Filter>
    </ClCompile>
    <ClCompile Include="stopBlade.cpp">
      <Filter>Quelldateien\Parts\Convayors\LightLoad</Filter>
    </ClCompile>
    <ClCompile Include="positioningBar.cpp">
      <Filter>Quelldateien\Parts\Convayors\LightLoad</Filter>
    </ClCompile>
    <ClCompile Include="lightArray.cpp">
      <Filter>Quelldateien\Parts\Sensors</Filter>
    </ClCompile>
    <ClCompile Include="vision.cpp">
      <Filter>Quelldateien\Parts\Sensors</Filter>
    </ClCompile>
  </ItemGroup>
  <ItemGroup>
    <ClInclude Include="modbus.h">
      <Filter>Headerdateien</Filter>
    </ClInclude>
    <ClInclude Include="FactoryIOGeneral.h">
      <Filter>Headerdateien</Filter>
    </ClInclude>
    <ClInclude Include="alarmSiren.h">
      <Filter>Headerdateien\Parts\Warining Devices</Filter>
    </ClInclude>
    <ClInclude Include="WarningLight.h">
      <Filter>Headerdateien\Parts\Warining Devices</Filter>
    </ClInclude>
    <ClInclude Include="StackLight.h">
      <Filter>Headerdateien\Parts\Warining Devices</Filter>
    </ClInclude>
    <ClInclude Include="Emmiter.h">
      <Filter>Headerdateien\Parts\Emmiter/Remover</Filter>
    </ClInclude>
    <ClInclude Include="remover.h">
      <Filter>Headerdateien\Parts\Emmiter/Remover</Filter>
    </ClInclude>
    <ClInclude Include="convayor.h">
      <Filter>Headerdateien\Parts\Convayors</Filter>
    </ClInclude>
    <ClInclude Include="Encoder.h">
      <Filter>Headerdateien\Parts\Sensors</Filter>
    </ClInclude>
    <ClInclude Include="rollerStop.h">
      <Filter>Headerdateien\Parts\Convayors\Heavy Load</Filter>
    </ClInclude>
    <ClInclude Include="chainTransfer.h">
      <Filter>Headerdateien\Parts\Convayors\Heavy Load</Filter>
    </ClInclude>
    <ClInclude Include="turntable.h">
      <Filter>Headerdateien\Parts\Convayors\Heavy Load</Filter>
    </ClInclude>
    <ClInclude Include="convayorGate.h">
      <Filter>Headerdateien\Parts\Convayors\Light Load</Filter>
    </ClInclude>
    <ClInclude Include="convayorScale.h">
      <Filter>Headerdateien\Parts\Convayors\Light Load</Filter>
    </ClInclude>
    <ClInclude Include="pivotArmSorter.h">
      <Filter>Headerdateien\Parts\Convayors\Light Load</Filter>
    </ClInclude>
    <ClInclude Include="weelSorter.h">
      <Filter>Headerdateien\Parts\Convayors\Light Load</Filter>
    </ClInclude>
    <ClInclude Include="pusher.h">
      <Filter>Headerdateien\Parts\Convayors\Light Load</Filter>
    </ClInclude>
    <ClInclude Include="stopBlade.h">
      <Filter>Headerdateien\Parts\Convayors\Light Load</Filter>
    </ClInclude>
    <ClInclude Include="positioningBar.h">
      <Filter>Headerdateien\Parts\Convayors\Light Load</Filter>
    </ClInclude>
    <ClInclude Include="digitalSensor.h">
      <Filter>Headerdateien\Parts\Sensors</Filter>
    </ClInclude>
    <ClInclude Include="analogSensor.h">
      <Filter>Headerdateien\Parts\Sensors</Filter>
    </ClInclude>
    <ClInclude Include="lightArray.h">
      <Filter>Headerdateien\Parts\Sensors</Filter>
    </ClInclude>
    <ClInclude Include="vision.h">
      <Filter>Headerdateien\Parts\Sensors</Filter>
    </ClInclude>
  </ItemGroup>
</Project>